
Microsoft Visual Studio Solution File, Format Version 12.00
# Visual Studio 14
VisualStudioVersion = 14.0.25420.1
MinimumVisualStudioVersion = 10.0.40219.1
Project("{8BB2217D-0F2D-49D1-97BC-3654ED321F3B}") = "CiWebApp", "CiWebApp\CiWebApp.xproj", "{A49A2428-E0A8-4A43-B09C-987DEB98C9ED}"
EndProject
Project("{8BB2217D-0F2D-49D1-97BC-3654ED321F3B}") = "CiDomain", "CiDomain\CiDomain.xproj", "{51455B8D-1EC9-4022-9FF5-05F10EB74765}"
EndProject
Project("{8BB2217D-0F2D-49D1-97BC-3654ED321F3B}") = "Ci.Test", "Ci.Test\Ci.Test.xproj", "{4733A1B3-32B1-4FC3-9E53-309C9C9E161F}"
EndProject
Global
	GlobalSection(SolutionConfigurationPlatforms) = preSolution
		Debug|Any CPU = Debug|Any CPU
		Release|Any CPU = Release|Any CPU
	EndGlobalSection
	GlobalSection(ProjectConfigurationPlatforms) = postSolution
		{A49A2428-E0A8-4A43-B09C-987DEB98C9ED}.Debug|Any CPU.ActiveCfg = Debug|Any CPU
		{A49A2428-E0A8-4A43-B09C-987DEB98C9ED}.Debug|Any CPU.Build.0 = Debug|Any CPU
		{A49A2428-E0A8-4A43-B09C-987DEB98C9ED}.Release|Any CPU.ActiveCfg = Release|Any CPU
		{A49A2428-E0A8-4A43-B09C-987DEB98C9ED}.Release|Any CPU.Build.0 = Release|Any CPU
		{51455B8D-1EC9-4022-9FF5-05F10EB74765}.Debug|Any CPU.ActiveCfg = Debug|Any CPU
		{51455B8D-1EC9-4022-9FF5-05F10EB74765}.Debug|Any CPU.Build.0 = Debug|Any CPU
		{51455B8D-1EC9-4022-9FF5-05F10EB74765}.Release|Any CPU.ActiveCfg = Release|Any CPU
		{51455B8D-1EC9-4022-9FF5-05F10EB74765}.Release|Any CPU.Build.0 = Release|Any CPU
		{4733A1B3-32B1-4FC3-9E53-309C9C9E161F}.Debug|Any CPU.ActiveCfg = Debug|Any CPU
		{4733A1B3-32B1-4FC3-9E53-309C9C9E161F}.Debug|Any CPU.Build.0 = Debug|Any CPU
		{4733A1B3-32B1-4FC3-9E53-309C9C9E161F}.Release|Any CPU.ActiveCfg = Release|Any CPU
		{4733A1B3-32B1-4FC3-9E53-309C9C9E161F}.Release|Any CPU.Build.0 = Release|Any CPU
	EndGlobalSection
	GlobalSection(SolutionProperties) = preSolution
		HideSolutionNode = FALSE
	EndGlobalSection
EndGlobal
